// !$*UTF8*$!
{
	archiveVersion = 1;
	classes = {
	};
	objectVersion = 46;
	objects = {

/* Begin PBXBuildFile section */
		4D14C5481B00C990007F0314 /* OHTitleButton.m in Sources */ = {isa = PBXBuildFile; fileRef = 4D14C5471B00C990007F0314 /* OHTitleButton.m */; };
		4D14C54B1B00CEE4007F0314 /* OHStatus.m in Sources */ = {isa = PBXBuildFile; fileRef = 4D14C54A1B00CEE4007F0314 /* OHStatus.m */; };
		4D14C54E1B00CEED007F0314 /* OHUser.m in Sources */ = {isa = PBXBuildFile; fileRef = 4D14C54D1B00CEED007F0314 /* OHUser.m */; };
		4D14C5611B00D117007F0314 /* MJConst.m in Sources */ = {isa = PBXBuildFile; fileRef = 4D14C5511B00D117007F0314 /* MJConst.m */; };
		4D14C5621B00D117007F0314 /* MJFoundation.m in Sources */ = {isa = PBXBuildFile; fileRef = 4D14C5541B00D117007F0314 /* MJFoundation.m */; };
		4D14C5631B00D117007F0314 /* MJProperty.m in Sources */ = {isa = PBXBuildFile; fileRef = 4D14C5561B00D117007F0314 /* MJProperty.m */; };
		4D14C5641B00D117007F0314 /* MJType.m in Sources */ = {isa = PBXBuildFile; fileRef = 4D14C5581B00D117007F0314 /* MJType.m */; };
		4D14C5651B00D117007F0314 /* NSObject+MJCoding.m in Sources */ = {isa = PBXBuildFile; fileRef = 4D14C55A1B00D117007F0314 /* NSObject+MJCoding.m */; };
		4D14C5661B00D117007F0314 /* NSObject+MJKeyValue.m in Sources */ = {isa = PBXBuildFile; fileRef = 4D14C55C1B00D117007F0314 /* NSObject+MJKeyValue.m */; };
		4D14C5671B00D117007F0314 /* NSObject+MJProperty.m in Sources */ = {isa = PBXBuildFile; fileRef = 4D14C55E1B00D117007F0314 /* NSObject+MJProperty.m */; };
		4D14C5681B00D117007F0314 /* NSString+MJExtension.m in Sources */ = {isa = PBXBuildFile; fileRef = 4D14C5601B00D117007F0314 /* NSString+MJExtension.m */; };
		4D374D271B0352F500452A97 /* OHStatusToolbar.m in Sources */ = {isa = PBXBuildFile; fileRef = 4D374D261B0352F500452A97 /* OHStatusToolbar.m */; };
		4D374D4A1B035BA500452A97 /* MKAnnotationView+WebCache.m in Sources */ = {isa = PBXBuildFile; fileRef = 4D374D2A1B035BA500452A97 /* MKAnnotationView+WebCache.m */; };
		4D374D4B1B035BA500452A97 /* NSData+ImageContentType.m in Sources */ = {isa = PBXBuildFile; fileRef = 4D374D2C1B035BA500452A97 /* NSData+ImageContentType.m */; };
		4D374D4C1B035BA500452A97 /* SDImageCache.m in Sources */ = {isa = PBXBuildFile; fileRef = 4D374D2E1B035BA500452A97 /* SDImageCache.m */; };
		4D374D4D1B035BA500452A97 /* SDWebImageCompat.m in Sources */ = {isa = PBXBuildFile; fileRef = 4D374D301B035BA500452A97 /* SDWebImageCompat.m */; };
		4D374D4E1B035BA500452A97 /* SDWebImageDecoder.m in Sources */ = {isa = PBXBuildFile; fileRef = 4D374D321B035BA500452A97 /* SDWebImageDecoder.m */; };
		4D374D4F1B035BA500452A97 /* SDWebImageDownloader.m in Sources */ = {isa = PBXBuildFile; fileRef = 4D374D341B035BA500452A97 /* SDWebImageDownloader.m */; };
		4D374D501B035BA500452A97 /* SDWebImageDownloaderOperation.m in Sources */ = {isa = PBXBuildFile; fileRef = 4D374D361B035BA500452A97 /* SDWebImageDownloaderOperation.m */; };
		4D374D511B035BA500452A97 /* SDWebImageManager.m in Sources */ = {isa = PBXBuildFile; fileRef = 4D374D381B035BA500452A97 /* SDWebImageManager.m */; };
		4D374D521B035BA500452A97 /* SDWebImagePrefetcher.m in Sources */ = {isa = PBXBuildFile; fileRef = 4D374D3B1B035BA500452A97 /* SDWebImagePrefetcher.m */; };
		4D374D531B035BA500452A97 /* UIButton+WebCache.m in Sources */ = {isa = PBXBuildFile; fileRef = 4D374D3D1B035BA500452A97 /* UIButton+WebCache.m */; };
		4D374D541B035BA500452A97 /* UIImage+GIF.m in Sources */ = {isa = PBXBuildFile; fileRef = 4D374D3F1B035BA500452A97 /* UIImage+GIF.m */; };
		4D374D551B035BA500452A97 /* UIImage+MultiFormat.m in Sources */ = {isa = PBXBuildFile; fileRef = 4D374D411B035BA500452A97 /* UIImage+MultiFormat.m */; };
		4D374D561B035BA500452A97 /* UIImage+WebP.m in Sources */ = {isa = PBXBuildFile; fileRef = 4D374D431B035BA500452A97 /* UIImage+WebP.m */; };
		4D374D571B035BA500452A97 /* UIImageView+HighlightedWebCache.m in Sources */ = {isa = PBXBuildFile; fileRef = 4D374D451B035BA500452A97 /* UIImageView+HighlightedWebCache.m */; };
		4D374D581B035BA500452A97 /* UIImageView+WebCache.m in Sources */ = {isa = PBXBuildFile; fileRef = 4D374D471B035BA500452A97 /* UIImageView+WebCache.m */; };
		4D374D591B035BA500452A97 /* UIView+WebCacheOperation.m in Sources */ = {isa = PBXBuildFile; fileRef = 4D374D491B035BA500452A97 /* UIView+WebCacheOperation.m */; };
		4D374D5C1B035BB800452A97 /* NSDate+Extension.m in Sources */ = {isa = PBXBuildFile; fileRef = 4D374D5B1B035BB800452A97 /* NSDate+Extension.m */; };
		4D4D02441AFDD29B00471341 /* OHOAuthViewController.m in Sources */ = {isa = PBXBuildFile; fileRef = 4D4D02431AFDD29B00471341 /* OHOAuthViewController.m */; };
		4D4D02491AFDE3D800471341 /* OHNewFeatureViewController.m in Sources */ = {isa = PBXBuildFile; fileRef = 4D4D02481AFDE3D800471341 /* OHNewFeatureViewController.m */; };
		4D4EBE991AFA503100082597 /* Images.xcassets in Resources */ = {isa = PBXBuildFile; fileRef = 4D4EBE981AFA503100082597 /* Images.xcassets */; };
		4D4EBE9C1AFA503100082597 /* LaunchScreen.xib in Resources */ = {isa = PBXBuildFile; fileRef = 4D4EBE9A1AFA503100082597 /* LaunchScreen.xib */; };
		4D4EBEA81AFA503100082597 /* CsWeiboTests.m in Sources */ = {isa = PBXBuildFile; fileRef = 4D4EBEA71AFA503100082597 /* CsWeiboTests.m */; };
		4D4FD1661B00706A00A4CC9B /* UIWindow+OHExtension.m in Sources */ = {isa = PBXBuildFile; fileRef = 4D4FD1651B00706A00A4CC9B /* UIWindow+OHExtension.m */; };
		4D4FD16A1B0072FC00A4CC9B /* OHAccount.m in Sources */ = {isa = PBXBuildFile; fileRef = 4D4FD1691B0072FC00A4CC9B /* OHAccount.m */; };
		4D4FD16D1B00891500A4CC9B /* OHAccountTools.m in Sources */ = {isa = PBXBuildFile; fileRef = 4D4FD16C1B00891500A4CC9B /* OHAccountTools.m */; };
		4D4FD1741B009DFB00A4CC9B /* MBProgressHUD+MJ.m in Sources */ = {isa = PBXBuildFile; fileRef = 4D4FD1701B009DFB00A4CC9B /* MBProgressHUD+MJ.m */; };
		4D4FD1751B009DFB00A4CC9B /* MBProgressHUD.bundle in Resources */ = {isa = PBXBuildFile; fileRef = 4D4FD1711B009DFB00A4CC9B /* MBProgressHUD.bundle */; };
		4D4FD1761B009DFB00A4CC9B /* MBProgressHUD.m in Sources */ = {isa = PBXBuildFile; fileRef = 4D4FD1731B009DFB00A4CC9B /* MBProgressHUD.m */; };
		4D4FD18B1B009E2900A4CC9B /* AFHTTPRequestOperation.m in Sources */ = {isa = PBXBuildFile; fileRef = 4D4FD1791B009E2900A4CC9B /* AFHTTPRequestOperation.m */; };
		4D4FD18C1B009E2900A4CC9B /* AFHTTPRequestOperationManager.m in Sources */ = {isa = PBXBuildFile; fileRef = 4D4FD17B1B009E2900A4CC9B /* AFHTTPRequestOperationManager.m */; };
		4D4FD18D1B009E2900A4CC9B /* AFHTTPSessionManager.m in Sources */ = {isa = PBXBuildFile; fileRef = 4D4FD17D1B009E2900A4CC9B /* AFHTTPSessionManager.m */; };
		4D4FD18E1B009E2900A4CC9B /* AFNetworkReachabilityManager.m in Sources */ = {isa = PBXBuildFile; fileRef = 4D4FD1801B009E2900A4CC9B /* AFNetworkReachabilityManager.m */; };
		4D4FD18F1B009E2900A4CC9B /* AFSecurityPolicy.m in Sources */ = {isa = PBXBuildFile; fileRef = 4D4FD1821B009E2900A4CC9B /* AFSecurityPolicy.m */; };
		4D4FD1901B009E2900A4CC9B /* AFURLConnectionOperation.m in Sources */ = {isa = PBXBuildFile; fileRef = 4D4FD1841B009E2900A4CC9B /* AFURLConnectionOperation.m */; };
		4D4FD1911B009E2900A4CC9B /* AFURLRequestSerialization.m in Sources */ = {isa = PBXBuildFile; fileRef = 4D4FD1861B009E2900A4CC9B /* AFURLRequestSerialization.m */; };
		4D4FD1921B009E2900A4CC9B /* AFURLResponseSerialization.m in Sources */ = {isa = PBXBuildFile; fileRef = 4D4FD1881B009E2900A4CC9B /* AFURLResponseSerialization.m */; };
		4D4FD1931B009E2900A4CC9B /* AFURLSessionManager.m in Sources */ = {isa = PBXBuildFile; fileRef = 4D4FD18A1B009E2900A4CC9B /* AFURLSessionManager.m */; };
		4D5AE9AD1B02EFC900DBAF1C /* OHStatusPhoto.m in Sources */ = {isa = PBXBuildFile; fileRef = 4D5AE9AC1B02EFC900DBAF1C /* OHStatusPhoto.m */; };
		4D6F253A1AFC673D001FFC3F /* OHSearchBar.m in Sources */ = {isa = PBXBuildFile; fileRef = 4D6F25391AFC673D001FFC3F /* OHSearchBar.m */; };
		4D6F253D1AFC943A001FFC3F /* OHDropDownWindow.m in Sources */ = {isa = PBXBuildFile; fileRef = 4D6F253C1AFC943A001FFC3F /* OHDropDownWindow.m */; };
		4D826DAA1AFB0F2900BBB4B2 /* libWeiboSDK.a in Frameworks */ = {isa = PBXBuildFile; fileRef = 4D826D9F1AFB0F2900BBB4B2 /* libWeiboSDK.a */; };
		4D826DAB1AFB0F2900BBB4B2 /* WeiboSDK.bundle in Resources */ = {isa = PBXBuildFile; fileRef = 4D826DA71AFB0F2900BBB4B2 /* WeiboSDK.bundle */; };
		4D826DAD1AFB0F9F00BBB4B2 /* QuartzCore.framework in Frameworks */ = {isa = PBXBuildFile; fileRef = 4D826DAC1AFB0F9F00BBB4B2 /* QuartzCore.framework */; };
		4D826DAF1AFB0FA800BBB4B2 /* ImageIO.framework in Frameworks */ = {isa = PBXBuildFile; fileRef = 4D826DAE1AFB0FA800BBB4B2 /* ImageIO.framework */; };
		4D826DB11AFB0FB400BBB4B2 /* SystemConfiguration.framework in Frameworks */ = {isa = PBXBuildFile; fileRef = 4D826DB01AFB0FB400BBB4B2 /* SystemConfiguration.framework */; };
		4D826DB31AFB0FBE00BBB4B2 /* Security.framework in Frameworks */ = {isa = PBXBuildFile; fileRef = 4D826DB21AFB0FBE00BBB4B2 /* Security.framework */; };
		4D826DB51AFB0FC900BBB4B2 /* CoreTelephony.framework in Frameworks */ = {isa = PBXBuildFile; fileRef = 4D826DB41AFB0FC900BBB4B2 /* CoreTelephony.framework */; };
		4D826DB71AFB0FD900BBB4B2 /* CoreText.framework in Frameworks */ = {isa = PBXBuildFile; fileRef = 4D826DB61AFB0FD900BBB4B2 /* CoreText.framework */; };
		4D826DB91AFB0FF100BBB4B2 /* UIKit.framework in Frameworks */ = {isa = PBXBuildFile; fileRef = 4D826DB81AFB0FF100BBB4B2 /* UIKit.framework */; };
		4D826DBB1AFB100D00BBB4B2 /* CoreGraphics.framework in Frameworks */ = {isa = PBXBuildFile; fileRef = 4D826DBA1AFB100D00BBB4B2 /* CoreGraphics.framework */; };
		4D826DD91AFB466900BBB4B2 /* AppDelegate.m in Sources */ = {isa = PBXBuildFile; fileRef = 4D826DCE1AFB466900BBB4B2 /* AppDelegate.m */; };
		4D826DDA1AFB466900BBB4B2 /* main.m in Sources */ = {isa = PBXBuildFile; fileRef = 4D826DCF1AFB466900BBB4B2 /* main.m */; };
		4D826DDD1AFB47C200BBB4B2 /* OHMainNaviViewController.m in Sources */ = {isa = PBXBuildFile; fileRef = 4D826DDC1AFB47C200BBB4B2 /* OHMainNaviViewController.m */; };
		4D826DE01AFB480B00BBB4B2 /* OHMainTabBarViewController.m in Sources */ = {isa = PBXBuildFile; fileRef = 4D826DDF1AFB480B00BBB4B2 /* OHMainTabBarViewController.m */; };
		4DA3DB491AFCB31000E02FCC /* OHTabBar.m in Sources */ = {isa = PBXBuildFile; fileRef = 4DA3DB481AFCB31000E02FCC /* OHTabBar.m */; };
		4DAACE871AFB55C20082068B /* OHDiscoverViewController.m in Sources */ = {isa = PBXBuildFile; fileRef = 4DAACE861AFB55C20082068B /* OHDiscoverViewController.m */; };
		4DAACE8A1AFB55D30082068B /* OHHomeViewController.m in Sources */ = {isa = PBXBuildFile; fileRef = 4DAACE891AFB55D30082068B /* OHHomeViewController.m */; };
		4DAACE8D1AFB55EB0082068B /* OHMessageCenterViewController.m in Sources */ = {isa = PBXBuildFile; fileRef = 4DAACE8C1AFB55EB0082068B /* OHMessageCenterViewController.m */; };
		4DAACE901AFB55FE0082068B /* OHProfileViewController.m in Sources */ = {isa = PBXBuildFile; fileRef = 4DAACE8F1AFB55FE0082068B /* OHProfileViewController.m */; };
		4DAACE941AFB57470082068B /* UIBarButtonItem+OHExtension.m in Sources */ = {isa = PBXBuildFile; fileRef = 4DAACE931AFB57470082068B /* UIBarButtonItem+OHExtension.m */; };
		4DAACE971AFB58CD0082068B /* UIView+Extension.m in Sources */ = {isa = PBXBuildFile; fileRef = 4DAACE961AFB58CD0082068B /* UIView+Extension.m */; };
		4DB9E7771B01C26F00ABB1A5 /* OHLoadMoreFooter.m in Sources */ = {isa = PBXBuildFile; fileRef = 4DB9E7761B01C26F00ABB1A5 /* OHLoadMoreFooter.m */; };
		4DB9E7791B01C29500ABB1A5 /* OHLoadMoreFooter.xib in Resources */ = {isa = PBXBuildFile; fileRef = 4DB9E7781B01C29500ABB1A5 /* OHLoadMoreFooter.xib */; };
		4DB9E77C1B021B2200ABB1A5 /* OHStatusFrame.m in Sources */ = {isa = PBXBuildFile; fileRef = 4DB9E77B1B021B2200ABB1A5 /* OHStatusFrame.m */; };
		4DB9E77F1B0226EE00ABB1A5 /* OHStatusCell.m in Sources */ = {isa = PBXBuildFile; fileRef = 4DB9E77E1B0226EE00ABB1A5 /* OHStatusCell.m */; };
/* End PBXBuildFile section */

/* Begin PBXContainerItemProxy section */
		4D4EBEA21AFA503100082597 /* PBXContainerItemProxy */ = {
			isa = PBXContainerItemProxy;
			containerPortal = 4D4EBE801AFA503100082597 /* Project object */;
			proxyType = 1;
			remoteGlobalIDString = 4D4EBE871AFA503100082597;
			remoteInfo = CsWeibo;
		};
/* End PBXContainerItemProxy section */

/* Begin PBXFileReference section */
		4D14C5461B00C990007F0314 /* OHTitleButton.h */ = {isa = PBXFileReference; fileEncoding = 4; lastKnownFileType = sourcecode.c.h; path = OHTitleButton.h; sourceTree = "<group>"; };
		4D14C5471B00C990007F0314 /* OHTitleButton.m */ = {isa = PBXFileReference; fileEncoding = 4; lastKnownFileType = sourcecode.c.objc; path = OHTitleButton.m; sourceTree = "<group>"; };
		4D14C5491B00CEE4007F0314 /* OHStatus.h */ = {isa = PBXFileReference; fileEncoding = 4; lastKnownFileType = sourcecode.c.h; path = OHStatus.h; sourceTree = "<group>"; };
		4D14C54A1B00CEE4007F0314 /* OHStatus.m */ = {isa = PBXFileReference; fileEncoding = 4; lastKnownFileType = sourcecode.c.objc; path = OHStatus.m; sourceTree = "<group>"; };
		4D14C54C1B00CEED007F0314 /* OHUser.h */ = {isa = PBXFileReference; fileEncoding = 4; lastKnownFileType = sourcecode.c.h; path = OHUser.h; sourceTree = "<group>"; };
		4D14C54D1B00CEED007F0314 /* OHUser.m */ = {isa = PBXFileReference; fileEncoding = 4; lastKnownFileType = sourcecode.c.objc; path = OHUser.m; sourceTree = "<group>"; };
		4D14C5501B00D117007F0314 /* MJConst.h */ = {isa = PBXFileReference; fileEncoding = 4; lastKnownFileType = sourcecode.c.h; path = MJConst.h; sourceTree = "<group>"; };
		4D14C5511B00D117007F0314 /* MJConst.m */ = {isa = PBXFileReference; fileEncoding = 4; lastKnownFileType = sourcecode.c.objc; path = MJConst.m; sourceTree = "<group>"; };
		4D14C5521B00D117007F0314 /* MJExtension.h */ = {isa = PBXFileReference; fileEncoding = 4; lastKnownFileType = sourcecode.c.h; path = MJExtension.h; sourceTree = "<group>"; };
		4D14C5531B00D117007F0314 /* MJFoundation.h */ = {isa = PBXFileReference; fileEncoding = 4; lastKnownFileType = sourcecode.c.h; path = MJFoundation.h; sourceTree = "<group>"; };
		4D14C5541B00D117007F0314 /* MJFoundation.m */ = {isa = PBXFileReference; fileEncoding = 4; lastKnownFileType = sourcecode.c.objc; path = MJFoundation.m; sourceTree = "<group>"; };
		4D14C5551B00D117007F0314 /* MJProperty.h */ = {isa = PBXFileReference; fileEncoding = 4; lastKnownFileType = sourcecode.c.h; path = MJProperty.h; sourceTree = "<group>"; };
		4D14C5561B00D117007F0314 /* MJProperty.m */ = {isa = PBXFileReference; fileEncoding = 4; lastKnownFileType = sourcecode.c.objc; path = MJProperty.m; sourceTree = "<group>"; };
		4D14C5571B00D117007F0314 /* MJType.h */ = {isa = PBXFileReference; fileEncoding = 4; lastKnownFileType = sourcecode.c.h; path = MJType.h; sourceTree = "<group>"; };
		4D14C5581B00D117007F0314 /* MJType.m */ = {isa = PBXFileReference; fileEncoding = 4; lastKnownFileType = sourcecode.c.objc; path = MJType.m; sourceTree = "<group>"; };
		4D14C5591B00D117007F0314 /* NSObject+MJCoding.h */ = {isa = PBXFileReference; fileEncoding = 4; lastKnownFileType = sourcecode.c.h; path = "NSObject+MJCoding.h"; sourceTree = "<group>"; };
		4D14C55A1B00D117007F0314 /* NSObject+MJCoding.m */ = {isa = PBXFileReference; fileEncoding = 4; lastKnownFileType = sourcecode.c.objc; path = "NSObject+MJCoding.m"; sourceTree = "<group>"; };
		4D14C55B1B00D117007F0314 /* NSObject+MJKeyValue.h */ = {isa = PBXFileReference; fileEncoding = 4; lastKnownFileType = sourcecode.c.h; path = "NSObject+MJKeyValue.h"; sourceTree = "<group>"; };
		4D14C55C1B00D117007F0314 /* NSObject+MJKeyValue.m */ = {isa = PBXFileReference; fileEncoding = 4; lastKnownFileType = sourcecode.c.objc; path = "NSObject+MJKeyValue.m"; sourceTree = "<group>"; };
		4D14C55D1B00D117007F0314 /* NSObject+MJProperty.h */ = {isa = PBXFileReference; fileEncoding = 4; lastKnownFileType = sourcecode.c.h; path = "NSObject+MJProperty.h"; sourceTree = "<group>"; };
		4D14C55E1B00D117007F0314 /* NSObject+MJProperty.m */ = {isa = PBXFileReference; fileEncoding = 4; lastKnownFileType = sourcecode.c.objc; path = "NSObject+MJProperty.m"; sourceTree = "<group>"; };
		4D14C55F1B00D117007F0314 /* NSString+MJExtension.h */ = {isa = PBXFileReference; fileEncoding = 4; lastKnownFileType = sourcecode.c.h; path = "NSString+MJExtension.h"; sourceTree = "<group>"; };
		4D14C5601B00D117007F0314 /* NSString+MJExtension.m */ = {isa = PBXFileReference; fileEncoding = 4; lastKnownFileType = sourcecode.c.objc; path = "NSString+MJExtension.m"; sourceTree = "<group>"; };
		4D374D251B0352F500452A97 /* OHStatusToolbar.h */ = {isa = PBXFileReference; fileEncoding = 4; lastKnownFileType = sourcecode.c.h; path = OHStatusToolbar.h; sourceTree = "<group>"; };
		4D374D261B0352F500452A97 /* OHStatusToolbar.m */ = {isa = PBXFileReference; fileEncoding = 4; lastKnownFileType = sourcecode.c.objc; path = OHStatusToolbar.m; sourceTree = "<group>"; };
		4D374D291B035BA500452A97 /* MKAnnotationView+WebCache.h */ = {isa = PBXFileReference; fileEncoding = 4; lastKnownFileType = sourcecode.c.h; path = "MKAnnotationView+WebCache.h"; sourceTree = "<group>"; };
		4D374D2A1B035BA500452A97 /* MKAnnotationView+WebCache.m */ = {isa = PBXFileReference; fileEncoding = 4; lastKnownFileType = sourcecode.c.objc; path = "MKAnnotationView+WebCache.m"; sourceTree = "<group>"; };
		4D374D2B1B035BA500452A97 /* NSData+ImageContentType.h */ = {isa = PBXFileReference; fileEncoding = 4; lastKnownFileType = sourcecode.c.h; path = "NSData+ImageContentType.h"; sourceTree = "<group>"; };
		4D374D2C1B035BA500452A97 /* NSData+ImageContentType.m */ = {isa = PBXFileReference; fileEncoding = 4; lastKnownFileType = sourcecode.c.objc; path = "NSData+ImageContentType.m"; sourceTree = "<group>"; };
		4D374D2D1B035BA500452A97 /* SDImageCache.h */ = {isa = PBXFileReference; fileEncoding = 4; lastKnownFileType = sourcecode.c.h; path = SDImageCache.h; sourceTree = "<group>"; };
		4D374D2E1B035BA500452A97 /* SDImageCache.m */ = {isa = PBXFileReference; fileEncoding = 4; lastKnownFileType = sourcecode.c.objc; path = SDImageCache.m; sourceTree = "<group>"; };
		4D374D2F1B035BA500452A97 /* SDWebImageCompat.h */ = {isa = PBXFileReference; fileEncoding = 4; lastKnownFileType = sourcecode.c.h; path = SDWebImageCompat.h; sourceTree = "<group>"; };
		4D374D301B035BA500452A97 /* SDWebImageCompat.m */ = {isa = PBXFileReference; fileEncoding = 4; lastKnownFileType = sourcecode.c.objc; path = SDWebImageCompat.m; sourceTree = "<group>"; };
		4D374D311B035BA500452A97 /* SDWebImageDecoder.h */ = {isa = PBXFileReference; fileEncoding = 4; lastKnownFileType = sourcecode.c.h; path = SDWebImageDecoder.h; sourceTree = "<group>"; };
		4D374D321B035BA500452A97 /* SDWebImageDecoder.m */ = {isa = PBXFileReference; fileEncoding = 4; lastKnownFileType = sourcecode.c.objc; path = SDWebImageDecoder.m; sourceTree = "<group>"; };
		4D374D331B035BA500452A97 /* SDWebImageDownloader.h */ = {isa = PBXFileReference; fileEncoding = 4; lastKnownFileType = sourcecode.c.h; path = SDWebImageDownloader.h; sourceTree = "<group>"; };
		4D374D341B035BA500452A97 /* SDWebImageDownloader.m */ = {isa = PBXFileReference; fileEncoding = 4; lastKnownFileType = sourcecode.c.objc; path = SDWebImageDownloader.m; sourceTree = "<group>"; };
		4D374D351B035BA500452A97 /* SDWebImageDownloaderOperation.h */ = {isa = PBXFileReference; fileEncoding = 4; lastKnownFileType = sourcecode.c.h; path = SDWebImageDownloaderOperation.h; sourceTree = "<group>"; };
		4D374D361B035BA500452A97 /* SDWebImageDownloaderOperation.m */ = {isa = PBXFileReference; fileEncoding = 4; lastKnownFileType = sourcecode.c.objc; path = SDWebImageDownloaderOperation.m; sourceTree = "<group>"; };
		4D374D371B035BA500452A97 /* SDWebImageManager.h */ = {isa = PBXFileReference; fileEncoding = 4; lastKnownFileType = sourcecode.c.h; path = SDWebImageManager.h; sourceTree = "<group>"; };
		4D374D381B035BA500452A97 /* SDWebImageManager.m */ = {isa = PBXFileReference; fileEncoding = 4; lastKnownFileType = sourcecode.c.objc; path = SDWebImageManager.m; sourceTree = "<group>"; };
		4D374D391B035BA500452A97 /* SDWebImageOperation.h */ = {isa = PBXFileReference; fileEncoding = 4; lastKnownFileType = sourcecode.c.h; path = SDWebImageOperation.h; sourceTree = "<group>"; };
		4D374D3A1B035BA500452A97 /* SDWebImagePrefetcher.h */ = {isa = PBXFileReference; fileEncoding = 4; lastKnownFileType = sourcecode.c.h; path = SDWebImagePrefetcher.h; sourceTree = "<group>"; };
		4D374D3B1B035BA500452A97 /* SDWebImagePrefetcher.m */ = {isa = PBXFileReference; fileEncoding = 4; lastKnownFileType = sourcecode.c.objc; path = SDWebImagePrefetcher.m; sourceTree = "<group>"; };
		4D374D3C1B035BA500452A97 /* UIButton+WebCache.h */ = {isa = PBXFileReference; fileEncoding = 4; lastKnownFileType = sourcecode.c.h; path = "UIButton+WebCache.h"; sourceTree = "<group>"; };
		4D374D3D1B035BA500452A97 /* UIButton+WebCache.m */ = {isa = PBXFileReference; fileEncoding = 4; lastKnownFileType = sourcecode.c.objc; path = "UIButton+WebCache.m"; sourceTree = "<group>"; };
		4D374D3E1B035BA500452A97 /* UIImage+GIF.h */ = {isa = PBXFileReference; fileEncoding = 4; lastKnownFileType = sourcecode.c.h; path = "UIImage+GIF.h"; sourceTree = "<group>"; };
		4D374D3F1B035BA500452A97 /* UIImage+GIF.m */ = {isa = PBXFileReference; fileEncoding = 4; lastKnownFileType = sourcecode.c.objc; path = "UIImage+GIF.m"; sourceTree = "<group>"; };
		4D374D401B035BA500452A97 /* UIImage+MultiFormat.h */ = {isa = PBXFileReference; fileEncoding = 4; lastKnownFileType = sourcecode.c.h; path = "UIImage+MultiFormat.h"; sourceTree = "<group>"; };
		4D374D411B035BA500452A97 /* UIImage+MultiFormat.m */ = {isa = PBXFileReference; fileEncoding = 4; lastKnownFileType = sourcecode.c.objc; path = "UIImage+MultiFormat.m"; sourceTree = "<group>"; };
		4D374D421B035BA500452A97 /* UIImage+WebP.h */ = {isa = PBXFileReference; fileEncoding = 4; lastKnownFileType = sourcecode.c.h; path = "UIImage+WebP.h"; sourceTree = "<group>"; };
		4D374D431B035BA500452A97 /* UIImage+WebP.m */ = {isa = PBXFileReference; fileEncoding = 4; lastKnownFileType = sourcecode.c.objc; path = "UIImage+WebP.m"; sourceTree = "<group>"; };
		4D374D441B035BA500452A97 /* UIImageView+HighlightedWebCache.h */ = {isa = PBXFileReference; fileEncoding = 4; lastKnownFileType = sourcecode.c.h; path = "UIImageView+HighlightedWebCache.h"; sourceTree = "<group>"; };
		4D374D451B035BA500452A97 /* UIImageView+HighlightedWebCache.m */ = {isa = PBXFileReference; fileEncoding = 4; lastKnownFileType = sourcecode.c.objc; path = "UIImageView+HighlightedWebCache.m"; sourceTree = "<group>"; };
		4D374D461B035BA500452A97 /* UIImageView+WebCache.h */ = {isa = PBXFileReference; fileEncoding = 4; lastKnownFileType = sourcecode.c.h; path = "UIImageView+WebCache.h"; sourceTree = "<group>"; };
		4D374D471B035BA500452A97 /* UIImageView+WebCache.m */ = {isa = PBXFileReference; fileEncoding = 4; lastKnownFileType = sourcecode.c.objc; path = "UIImageView+WebCache.m"; sourceTree = "<group>"; };
		4D374D481B035BA500452A97 /* UIView+WebCacheOperation.h */ = {isa = PBXFileReference; fileEncoding = 4; lastKnownFileType = sourcecode.c.h; path = "UIView+WebCacheOperation.h"; sourceTree = "<group>"; };
		4D374D491B035BA500452A97 /* UIView+WebCacheOperation.m */ = {isa = PBXFileReference; fileEncoding = 4; lastKnownFileType = sourcecode.c.objc; path = "UIView+WebCacheOperation.m"; sourceTree = "<group>"; };
		4D374D5A1B035BB800452A97 /* NSDate+Extension.h */ = {isa = PBXFileReference; fileEncoding = 4; lastKnownFileType = sourcecode.c.h; path = "NSDate+Extension.h"; sourceTree = "<group>"; };
		4D374D5B1B035BB800452A97 /* NSDate+Extension.m */ = {isa = PBXFileReference; fileEncoding = 4; lastKnownFileType = sourcecode.c.objc; path = "NSDate+Extension.m"; sourceTree = "<group>"; };
		4D4D02421AFDD29B00471341 /* OHOAuthViewController.h */ = {isa = PBXFileReference; fileEncoding = 4; lastKnownFileType = sourcecode.c.h; path = OHOAuthViewController.h; sourceTree = "<group>"; };
		4D4D02431AFDD29B00471341 /* OHOAuthViewController.m */ = {isa = PBXFileReference; fileEncoding = 4; lastKnownFileType = sourcecode.c.objc; path = OHOAuthViewController.m; sourceTree = "<group>"; };
		4D4D02471AFDE3D800471341 /* OHNewFeatureViewController.h */ = {isa = PBXFileReference; fileEncoding = 4; lastKnownFileType = sourcecode.c.h; path = OHNewFeatureViewController.h; sourceTree = "<group>"; };
		4D4D02481AFDE3D800471341 /* OHNewFeatureViewController.m */ = {isa = PBXFileReference; fileEncoding = 4; lastKnownFileType = sourcecode.c.objc; path = OHNewFeatureViewController.m; sourceTree = "<group>"; };
		4D4EBE881AFA503100082597 /* CsWeibo.app */ = {isa = PBXFileReference; explicitFileType = wrapper.application; includeInIndex = 0; path = CsWeibo.app; sourceTree = BUILT_PRODUCTS_DIR; };
		4D4EBE8C1AFA503100082597 /* Info.plist */ = {isa = PBXFileReference; lastKnownFileType = text.plist.xml; path = Info.plist; sourceTree = "<group>"; };
		4D4EBE981AFA503100082597 /* Images.xcassets */ = {isa = PBXFileReference; lastKnownFileType = folder.assetcatalog; path = Images.xcassets; sourceTree = "<group>"; };
		4D4EBE9B1AFA503100082597 /* Base */ = {isa = PBXFileReference; lastKnownFileType = file.xib; name = Base; path = Base.lproj/LaunchScreen.xib; sourceTree = "<group>"; };
		4D4EBEA11AFA503100082597 /* CsWeiboTests.xctest */ = {isa = PBXFileReference; explicitFileType = wrapper.cfbundle; includeInIndex = 0; path = CsWeiboTests.xctest; sourceTree = BUILT_PRODUCTS_DIR; };
		4D4EBEA61AFA503100082597 /* Info.plist */ = {isa = PBXFileReference; lastKnownFileType = text.plist.xml; path = Info.plist; sourceTree = "<group>"; };
		4D4EBEA71AFA503100082597 /* CsWeiboTests.m */ = {isa = PBXFileReference; lastKnownFileType = sourcecode.c.objc; path = CsWeiboTests.m; sourceTree = "<group>"; };
		4D4FD1641B00706A00A4CC9B /* UIWindow+OHExtension.h */ = {isa = PBXFileReference; fileEncoding = 4; lastKnownFileType = sourcecode.c.h; path = "UIWindow+OHExtension.h"; sourceTree = "<group>"; };
		4D4FD1651B00706A00A4CC9B /* UIWindow+OHExtension.m */ = {isa = PBXFileReference; fileEncoding = 4; lastKnownFileType = sourcecode.c.objc; path = "UIWindow+OHExtension.m"; sourceTree = "<group>"; };
		4D4FD1681B0072FC00A4CC9B /* OHAccount.h */ = {isa = PBXFileReference; fileEncoding = 4; lastKnownFileType = sourcecode.c.h; path = OHAccount.h; sourceTree = "<group>"; };
		4D4FD1691B0072FC00A4CC9B /* OHAccount.m */ = {isa = PBXFileReference; fileEncoding = 4; lastKnownFileType = sourcecode.c.objc; path = OHAccount.m; sourceTree = "<group>"; };
		4D4FD16B1B00891500A4CC9B /* OHAccountTools.h */ = {isa = PBXFileReference; fileEncoding = 4; lastKnownFileType = sourcecode.c.h; path = OHAccountTools.h; sourceTree = "<group>"; };
		4D4FD16C1B00891500A4CC9B /* OHAccountTools.m */ = {isa = PBXFileReference; fileEncoding = 4; lastKnownFileType = sourcecode.c.objc; path = OHAccountTools.m; sourceTree = "<group>"; };
		4D4FD16F1B009DFB00A4CC9B /* MBProgressHUD+MJ.h */ = {isa = PBXFileReference; fileEncoding = 4; lastKnownFileType = sourcecode.c.h; path = "MBProgressHUD+MJ.h"; sourceTree = "<group>"; };
		4D4FD1701B009DFB00A4CC9B /* MBProgressHUD+MJ.m */ = {isa = PBXFileReference; fileEncoding = 4; lastKnownFileType = sourcecode.c.objc; path = "MBProgressHUD+MJ.m"; sourceTree = "<group>"; };
		4D4FD1711B009DFB00A4CC9B /* MBProgressHUD.bundle */ = {isa = PBXFileReference; lastKnownFileType = "wrapper.plug-in"; path = MBProgressHUD.bundle; sourceTree = "<group>"; };
		4D4FD1721B009DFB00A4CC9B /* MBProgressHUD.h */ = {isa = PBXFileReference; fileEncoding = 4; lastKnownFileType = sourcecode.c.h; path = MBProgressHUD.h; sourceTree = "<group>"; };
		4D4FD1731B009DFB00A4CC9B /* MBProgressHUD.m */ = {isa = PBXFileReference; fileEncoding = 4; lastKnownFileType = sourcecode.c.objc; path = MBProgressHUD.m; sourceTree = "<group>"; };
		4D4FD1781B009E2900A4CC9B /* AFHTTPRequestOperation.h */ = {isa = PBXFileReference; fileEncoding = 4; lastKnownFileType = sourcecode.c.h; path = AFHTTPRequestOperation.h; sourceTree = "<group>"; };
		4D4FD1791B009E2900A4CC9B /* AFHTTPRequestOperation.m */ = {isa = PBXFileReference; fileEncoding = 4; lastKnownFileType = sourcecode.c.objc; path = AFHTTPRequestOperation.m; sourceTree = "<group>"; };
		4D4FD17A1B009E2900A4CC9B /* AFHTTPRequestOperationManager.h */ = {isa = PBXFileReference; fileEncoding = 4; lastKnownFileType = sourcecode.c.h; path = AFHTTPRequestOperationManager.h; sourceTree = "<group>"; };
		4D4FD17B1B009E2900A4CC9B /* AFHTTPRequestOperationManager.m */ = {isa = PBXFileReference; fileEncoding = 4; lastKnownFileType = sourcecode.c.objc; path = AFHTTPRequestOperationManager.m; sourceTree = "<group>"; };
		4D4FD17C1B009E2900A4CC9B /* AFHTTPSessionManager.h */ = {isa = PBXFileReference; fileEncoding = 4; lastKnownFileType = sourcecode.c.h; path = AFHTTPSessionManager.h; sourceTree = "<group>"; };
		4D4FD17D1B009E2900A4CC9B /* AFHTTPSessionManager.m */ = {isa = PBXFileReference; fileEncoding = 4; lastKnownFileType = sourcecode.c.objc; path = AFHTTPSessionManager.m; sourceTree = "<group>"; };
		4D4FD17E1B009E2900A4CC9B /* AFNetworking.h */ = {isa = PBXFileReference; fileEncoding = 4; lastKnownFileType = sourcecode.c.h; path = AFNetworking.h; sourceTree = "<group>"; };
		4D4FD17F1B009E2900A4CC9B /* AFNetworkReachabilityManager.h */ = {isa = PBXFileReference; fileEncoding = 4; lastKnownFileType = sourcecode.c.h; path = AFNetworkReachabilityManager.h; sourceTree = "<group>"; };
		4D4FD1801B009E2900A4CC9B /* AFNetworkReachabilityManager.m */ = {isa = PBXFileReference; fileEncoding = 4; lastKnownFileType = sourcecode.c.objc; path = AFNetworkReachabilityManager.m; sourceTree = "<group>"; };
		4D4FD1811B009E2900A4CC9B /* AFSecurityPolicy.h */ = {isa = PBXFileReference; fileEncoding = 4; lastKnownFileType = sourcecode.c.h; path = AFSecurityPolicy.h; sourceTree = "<group>"; };
		4D4FD1821B009E2900A4CC9B /* AFSecurityPolicy.m */ = {isa = PBXFileReference; fileEncoding = 4; lastKnownFileType = sourcecode.c.objc; path = AFSecurityPolicy.m; sourceTree = "<group>"; };
		4D4FD1831B009E2900A4CC9B /* AFURLConnectionOperation.h */ = {isa = PBXFileReference; fileEncoding = 4; lastKnownFileType = sourcecode.c.h; path = AFURLConnectionOperation.h; sourceTree = "<group>"; };
		4D4FD1841B009E2900A4CC9B /* AFURLConnectionOperation.m */ = {isa = PBXFileReference; fileEncoding = 4; lastKnownFileType = sourcecode.c.objc; path = AFURLConnectionOperation.m; sourceTree = "<group>"; };
		4D4FD1851B009E2900A4CC9B /* AFURLRequestSerialization.h */ = {isa = PBXFileReference; fileEncoding = 4; lastKnownFileType = sourcecode.c.h; path = AFURLRequestSerialization.h; sourceTree = "<group>"; };
		4D4FD1861B009E2900A4CC9B /* AFURLRequestSerialization.m */ = {isa = PBXFileReference; fileEncoding = 4; lastKnownFileType = sourcecode.c.objc; path = AFURLRequestSerialization.m; sourceTree = "<group>"; };
		4D4FD1871B009E2900A4CC9B /* AFURLResponseSerialization.h */ = {isa = PBXFileReference; fileEncoding = 4; lastKnownFileType = sourcecode.c.h; path = AFURLResponseSerialization.h; sourceTree = "<group>"; };
		4D4FD1881B009E2900A4CC9B /* AFURLResponseSerialization.m */ = {isa = PBXFileReference; fileEncoding = 4; lastKnownFileType = sourcecode.c.objc; path = AFURLResponseSerialization.m; sourceTree = "<group>"; };
		4D4FD1891B009E2900A4CC9B /* AFURLSessionManager.h */ = {isa = PBXFileReference; fileEncoding = 4; lastKnownFileType = sourcecode.c.h; path = AFURLSessionManager.h; sourceTree = "<group>"; };
		4D4FD18A1B009E2900A4CC9B /* AFURLSessionManager.m */ = {isa = PBXFileReference; fileEncoding = 4; lastKnownFileType = sourcecode.c.objc; path = AFURLSessionManager.m; sourceTree = "<group>"; };
		4D5AE9AB1B02EFC900DBAF1C /* OHStatusPhoto.h */ = {isa = PBXFileReference; fileEncoding = 4; lastKnownFileType = sourcecode.c.h; path = OHStatusPhoto.h; sourceTree = "<group>"; };
		4D5AE9AC1B02EFC900DBAF1C /* OHStatusPhoto.m */ = {isa = PBXFileReference; fileEncoding = 4; lastKnownFileType = sourcecode.c.objc; path = OHStatusPhoto.m; sourceTree = "<group>"; };
		4D6F25381AFC673D001FFC3F /* OHSearchBar.h */ = {isa = PBXFileReference; fileEncoding = 4; lastKnownFileType = sourcecode.c.h; path = OHSearchBar.h; sourceTree = "<group>"; };
		4D6F25391AFC673D001FFC3F /* OHSearchBar.m */ = {isa = PBXFileReference; fileEncoding = 4; lastKnownFileType = sourcecode.c.objc; path = OHSearchBar.m; sourceTree = "<group>"; };
		4D6F253B1AFC943A001FFC3F /* OHDropDownWindow.h */ = {isa = PBXFileReference; fileEncoding = 4; lastKnownFileType = sourcecode.c.h; path = OHDropDownWindow.h; sourceTree = "<group>"; };
		4D6F253C1AFC943A001FFC3F /* OHDropDownWindow.m */ = {isa = PBXFileReference; fileEncoding = 4; lastKnownFileType = sourcecode.c.objc; path = OHDropDownWindow.m; sourceTree = "<group>"; };
		4D826D9F1AFB0F2900BBB4B2 /* libWeiboSDK.a */ = {isa = PBXFileReference; lastKnownFileType = archive.ar; path = libWeiboSDK.a; sourceTree = "<group>"; };
		4D826DA01AFB0F2900BBB4B2 /* WBHttpRequest+WeiboShare.h */ = {isa = PBXFileReference; fileEncoding = 4; lastKnownFileType = sourcecode.c.h; path = "WBHttpRequest+WeiboShare.h"; sourceTree = "<group>"; };
		4D826DA11AFB0F2900BBB4B2 /* WBHttpRequest+WeiboToken.h */ = {isa = PBXFileReference; fileEncoding = 4; lastKnownFileType = sourcecode.c.h; path = "WBHttpRequest+WeiboToken.h"; sourceTree = "<group>"; };
		4D826DA21AFB0F2900BBB4B2 /* WBHttpRequest+WeiboUser.h */ = {isa = PBXFileReference; fileEncoding = 4; lastKnownFileType = sourcecode.c.h; path = "WBHttpRequest+WeiboUser.h"; sourceTree = "<group>"; };
		4D826DA31AFB0F2900BBB4B2 /* WBHttpRequest.h */ = {isa = PBXFileReference; fileEncoding = 4; lastKnownFileType = sourcecode.c.h; path = WBHttpRequest.h; sourceTree = "<group>"; };
		4D826DA41AFB0F2900BBB4B2 /* WBSDKBasicButton.h */ = {isa = PBXFileReference; fileEncoding = 4; lastKnownFileType = sourcecode.c.h; path = WBSDKBasicButton.h; sourceTree = "<group>"; };
		4D826DA51AFB0F2900BBB4B2 /* WBSDKCommentButton.h */ = {isa = PBXFileReference; fileEncoding = 4; lastKnownFileType = sourcecode.c.h; path = WBSDKCommentButton.h; sourceTree = "<group>"; };
		4D826DA61AFB0F2900BBB4B2 /* WBSDKRelationshipButton.h */ = {isa = PBXFileReference; fileEncoding = 4; lastKnownFileType = sourcecode.c.h; path = WBSDKRelationshipButton.h; sourceTree = "<group>"; };
		4D826DA71AFB0F2900BBB4B2 /* WeiboSDK.bundle */ = {isa = PBXFileReference; lastKnownFileType = "wrapper.plug-in"; path = WeiboSDK.bundle; sourceTree = "<group>"; };
		4D826DA81AFB0F2900BBB4B2 /* WeiboSDK.h */ = {isa = PBXFileReference; fileEncoding = 4; lastKnownFileType = sourcecode.c.h; path = WeiboSDK.h; sourceTree = "<group>"; };
		4D826DA91AFB0F2900BBB4B2 /* WeiboUser.h */ = {isa = PBXFileReference; fileEncoding = 4; lastKnownFileType = sourcecode.c.h; path = WeiboUser.h; sourceTree = "<group>"; };
		4D826DAC1AFB0F9F00BBB4B2 /* QuartzCore.framework */ = {isa = PBXFileReference; lastKnownFileType = wrapper.framework; name = QuartzCore.framework; path = System/Library/Frameworks/QuartzCore.framework; sourceTree = SDKROOT; };
		4D826DAE1AFB0FA800BBB4B2 /* ImageIO.framework */ = {isa = PBXFileReference; lastKnownFileType = wrapper.framework; name = ImageIO.framework; path = System/Library/Frameworks/ImageIO.framework; sourceTree = SDKROOT; };
		4D826DB01AFB0FB400BBB4B2 /* SystemConfiguration.framework */ = {isa = PBXFileReference; lastKnownFileType = wrapper.framework; name = SystemConfiguration.framework; path = System/Library/Frameworks/SystemConfiguration.framework; sourceTree = SDKROOT; };
		4D826DB21AFB0FBE00BBB4B2 /* Security.framework */ = {isa = PBXFileReference; lastKnownFileType = wrapper.framework; name = Security.framework; path = System/Library/Frameworks/Security.framework; sourceTree = SDKROOT; };
		4D826DB41AFB0FC900BBB4B2 /* CoreTelephony.framework */ = {isa = PBXFileReference; lastKnownFileType = wrapper.framework; name = CoreTelephony.framework; path = System/Library/Frameworks/CoreTelephony.framework; sourceTree = SDKROOT; };
		4D826DB61AFB0FD900BBB4B2 /* CoreText.framework */ = {isa = PBXFileReference; lastKnownFileType = wrapper.framework; name = CoreText.framework; path = System/Library/Frameworks/CoreText.framework; sourceTree = SDKROOT; };
		4D826DB81AFB0FF100BBB4B2 /* UIKit.framework */ = {isa = PBXFileReference; lastKnownFileType = wrapper.framework; name = UIKit.framework; path = System/Library/Frameworks/UIKit.framework; sourceTree = SDKROOT; };
		4D826DBA1AFB100D00BBB4B2 /* CoreGraphics.framework */ = {isa = PBXFileReference; lastKnownFileType = wrapper.framework; name = CoreGraphics.framework; path = System/Library/Frameworks/CoreGraphics.framework; sourceTree = SDKROOT; };
		4D826DCD1AFB466900BBB4B2 /* AppDelegate.h */ = {isa = PBXFileReference; fileEncoding = 4; lastKnownFileType = sourcecode.c.h; path = AppDelegate.h; sourceTree = "<group>"; };
		4D826DCE1AFB466900BBB4B2 /* AppDelegate.m */ = {isa = PBXFileReference; fileEncoding = 4; lastKnownFileType = sourcecode.c.objc; path = AppDelegate.m; sourceTree = "<group>"; };
		4D826DCF1AFB466900BBB4B2 /* main.m */ = {isa = PBXFileReference; fileEncoding = 4; lastKnownFileType = sourcecode.c.objc; path = main.m; sourceTree = "<group>"; };
		4D826DDB1AFB47C200BBB4B2 /* OHMainNaviViewController.h */ = {isa = PBXFileReference; fileEncoding = 4; lastKnownFileType = sourcecode.c.h; path = OHMainNaviViewController.h; sourceTree = "<group>"; };
		4D826DDC1AFB47C200BBB4B2 /* OHMainNaviViewController.m */ = {isa = PBXFileReference; fileEncoding = 4; lastKnownFileType = sourcecode.c.objc; path = OHMainNaviViewController.m; sourceTree = "<group>"; };
		4D826DDE1AFB480B00BBB4B2 /* OHMainTabBarViewController.h */ = {isa = PBXFileReference; fileEncoding = 4; lastKnownFileType = sourcecode.c.h; path = OHMainTabBarViewController.h; sourceTree = "<group>"; };
		4D826DDF1AFB480B00BBB4B2 /* OHMainTabBarViewController.m */ = {isa = PBXFileReference; fileEncoding = 4; lastKnownFileType = sourcecode.c.objc; path = OHMainTabBarViewController.m; sourceTree = "<group>"; };
		4DA3DB471AFCB31000E02FCC /* OHTabBar.h */ = {isa = PBXFileReference; fileEncoding = 4; lastKnownFileType = sourcecode.c.h; path = OHTabBar.h; sourceTree = "<group>"; };
		4DA3DB481AFCB31000E02FCC /* OHTabBar.m */ = {isa = PBXFileReference; fileEncoding = 4; lastKnownFileType = sourcecode.c.objc; path = OHTabBar.m; sourceTree = "<group>"; };
		4DAACE841AFB4F130082068B /* OHToolsColor.h */ = {isa = PBXFileReference; lastKnownFileType = sourcecode.c.h; path = OHToolsColor.h; sourceTree = "<group>"; };
		4DAACE851AFB55C20082068B /* OHDiscoverViewController.h */ = {isa = PBXFileReference; fileEncoding = 4; lastKnownFileType = sourcecode.c.h; path = OHDiscoverViewController.h; sourceTree = "<group>"; };
		4DAACE861AFB55C20082068B /* OHDiscoverViewController.m */ = {isa = PBXFileReference; fileEncoding = 4; lastKnownFileType = sourcecode.c.objc; path = OHDiscoverViewController.m; sourceTree = "<group>"; };
		4DAACE881AFB55D30082068B /* OHHomeViewController.h */ = {isa = PBXFileReference; fileEncoding = 4; lastKnownFileType = sourcecode.c.h; path = OHHomeViewController.h; sourceTree = "<group>"; };
		4DAACE891AFB55D30082068B /* OHHomeViewController.m */ = {isa = PBXFileReference; fileEncoding = 4; lastKnownFileType = sourcecode.c.objc; path = OHHomeViewController.m; sourceTree = "<group>"; };
		4DAACE8B1AFB55EB0082068B /* OHMessageCenterViewController.h */ = {isa = PBXFileReference; fileEncoding = 4; lastKnownFileType = sourcecode.c.h; path = OHMessageCenterViewController.h; sourceTree = "<group>"; };
		4DAACE8C1AFB55EB0082068B /* OHMessageCenterViewController.m */ = {isa = PBXFileReference; fileEncoding = 4; lastKnownFileType = sourcecode.c.objc; path = OHMessageCenterViewController.m; sourceTree = "<group>"; };
		4DAACE8E1AFB55FE0082068B /* OHProfileViewController.h */ = {isa = PBXFileReference; fileEncoding = 4; lastKnownFileType = sourcecode.c.h; path = OHProfileViewController.h; sourceTree = "<group>"; };
		4DAACE8F1AFB55FE0082068B /* OHProfileViewController.m */ = {isa = PBXFileReference; fileEncoding = 4; lastKnownFileType = sourcecode.c.objc; path = OHProfileViewController.m; sourceTree = "<group>"; };
		4DAACE921AFB57470082068B /* UIBarButtonItem+OHExtension.h */ = {isa = PBXFileReference; fileEncoding = 4; lastKnownFileType = sourcecode.c.h; path = "UIBarButtonItem+OHExtension.h"; sourceTree = "<group>"; };
		4DAACE931AFB57470082068B /* UIBarButtonItem+OHExtension.m */ = {isa = PBXFileReference; fileEncoding = 4; lastKnownFileType = sourcecode.c.objc; path = "UIBarButtonItem+OHExtension.m"; sourceTree = "<group>"; };
		4DAACE951AFB58CD0082068B /* UIView+Extension.h */ = {isa = PBXFileReference; fileEncoding = 4; lastKnownFileType = sourcecode.c.h; path = "UIView+Extension.h"; sourceTree = "<group>"; };
		4DAACE961AFB58CD0082068B /* UIView+Extension.m */ = {isa = PBXFileReference; fileEncoding = 4; lastKnownFileType = sourcecode.c.objc; path = "UIView+Extension.m"; sourceTree = "<group>"; };
		4DAACE981AFB5BE00082068B /* PrefixHeader.pch */ = {isa = PBXFileReference; lastKnownFileType = sourcecode.c.h; path = PrefixHeader.pch; sourceTree = "<group>"; };
		4DB9E7751B01C26F00ABB1A5 /* OHLoadMoreFooter.h */ = {isa = PBXFileReference; fileEncoding = 4; lastKnownFileType = sourcecode.c.h; path = OHLoadMoreFooter.h; sourceTree = "<group>"; };
		4DB9E7761B01C26F00ABB1A5 /* OHLoadMoreFooter.m */ = {isa = PBXFileReference; fileEncoding = 4; lastKnownFileType = sourcecode.c.objc; path = OHLoadMoreFooter.m; sourceTree = "<group>"; };
		4DB9E7781B01C29500ABB1A5 /* OHLoadMoreFooter.xib */ = {isa = PBXFileReference; fileEncoding = 4; lastKnownFileType = file.xib; path = OHLoadMoreFooter.xib; sourceTree = "<group>"; };
		4DB9E77A1B021B2200ABB1A5 /* OHStatusFrame.h */ = {isa = PBXFileReference; fileEncoding = 4; lastKnownFileType = sourcecode.c.h; path = OHStatusFrame.h; sourceTree = "<group>"; };
		4DB9E77B1B021B2200ABB1A5 /* OHStatusFrame.m */ = {isa = PBXFileReference; fileEncoding = 4; lastKnownFileType = sourcecode.c.objc; path = OHStatusFrame.m; sourceTree = "<group>"; };
		4DB9E77D1B0226EE00ABB1A5 /* OHStatusCell.h */ = {isa = PBXFileReference; fileEncoding = 4; lastKnownFileType = sourcecode.c.h; path = OHStatusCell.h; sourceTree = "<group>"; };
		4DB9E77E1B0226EE00ABB1A5 /* OHStatusCell.m */ = {isa = PBXFileReference; fileEncoding = 4; lastKnownFileType = sourcecode.c.objc; path = OHStatusCell.m; sourceTree = "<group>"; };
/* End PBXFileReference section */

/* Begin PBXFrameworksBuildPhase section */
		4D4EBE851AFA503100082597 /* Frameworks */ = {
			isa = PBXFrameworksBuildPhase;
			buildActionMask = 2147483647;
			files = (
				4D826DBB1AFB100D00BBB4B2 /* CoreGraphics.framework in Frameworks */,
				4D826DB91AFB0FF100BBB4B2 /* UIKit.framework in Frameworks */,
				4D826DB71AFB0FD900BBB4B2 /* CoreText.framework in Frameworks */,
				4D826DB51AFB0FC900BBB4B2 /* CoreTelephony.framework in Frameworks */,
				4D826DB31AFB0FBE00BBB4B2 /* Security.framework in Frameworks */,
				4D826DB11AFB0FB400BBB4B2 /* SystemConfiguration.framework in Frameworks */,
				4D826DAF1AFB0FA800BBB4B2 /* ImageIO.framework in Frameworks */,
				4D826DAD1AFB0F9F00BBB4B2 /* QuartzCore.framework in Frameworks */,
				4D826DAA1AFB0F2900BBB4B2 /* libWeiboSDK.a in Frameworks */,
			);
			runOnlyForDeploymentPostprocessing = 0;
		};
		4D4EBE9E1AFA503100082597 /* Frameworks */ = {
			isa = PBXFrameworksBuildPhase;
			buildActionMask = 2147483647;
			files = (
			);
			runOnlyForDeploymentPostprocessing = 0;
		};
/* End PBXFrameworksBuildPhase section */

/* Begin PBXGroup section */
		4D14C54F1B00D117007F0314 /* MJExtension */ = {
			isa = PBXGroup;
			children = (
				4D14C5501B00D117007F0314 /* MJConst.h */,
				4D14C5511B00D117007F0314 /* MJConst.m */,
				4D14C5521B00D117007F0314 /* MJExtension.h */,
				4D14C5531B00D117007F0314 /* MJFoundation.h */,
				4D14C5541B00D117007F0314 /* MJFoundation.m */,
				4D14C5551B00D117007F0314 /* MJProperty.h */,
				4D14C5561B00D117007F0314 /* MJProperty.m */,
				4D14C5571B00D117007F0314 /* MJType.h */,
				4D14C5581B00D117007F0314 /* MJType.m */,
				4D14C5591B00D117007F0314 /* NSObject+MJCoding.h */,
				4D14C55A1B00D117007F0314 /* NSObject+MJCoding.m */,
				4D14C55B1B00D117007F0314 /* NSObject+MJKeyValue.h */,
				4D14C55C1B00D117007F0314 /* NSObject+MJKeyValue.m */,
				4D14C55D1B00D117007F0314 /* NSObject+MJProperty.h */,
				4D14C55E1B00D117007F0314 /* NSObject+MJProperty.m */,
				4D14C55F1B00D117007F0314 /* NSString+MJExtension.h */,
				4D14C5601B00D117007F0314 /* NSString+MJExtension.m */,
			);
			path = MJExtension;
			sourceTree = "<group>";
		};
		4D374D281B035BA500452A97 /* SDWebImage */ = {
			isa = PBXGroup;
			children = (
				4D374D291B035BA500452A97 /* MKAnnotationView+WebCache.h */,
				4D374D2A1B035BA500452A97 /* MKAnnotationView+WebCache.m */,
				4D374D2B1B035BA500452A97 /* NSData+ImageContentType.h */,
				4D374D2C1B035BA500452A97 /* NSData+ImageContentType.m */,
				4D374D2D1B035BA500452A97 /* SDImageCache.h */,
				4D374D2E1B035BA500452A97 /* SDImageCache.m */,
				4D374D2F1B035BA500452A97 /* SDWebImageCompat.h */,
				4D374D301B035BA500452A97 /* SDWebImageCompat.m */,
				4D374D311B035BA500452A97 /* SDWebImageDecoder.h */,
				4D374D321B035BA500452A97 /* SDWebImageDecoder.m */,
				4D374D331B035BA500452A97 /* SDWebImageDownloader.h */,
				4D374D341B035BA500452A97 /* SDWebImageDownloader.m */,
				4D374D351B035BA500452A97 /* SDWebImageDownloaderOperation.h */,
				4D374D361B035BA500452A97 /* SDWebImageDownloaderOperation.m */,
				4D374D371B035BA500452A97 /* SDWebImageManager.h */,
				4D374D381B035BA500452A97 /* SDWebImageManager.m */,
				4D374D391B035BA500452A97 /* SDWebImageOperation.h */,
				4D374D3A1B035BA500452A97 /* SDWebImagePrefetcher.h */,
				4D374D3B1B035BA500452A97 /* SDWebImagePrefetcher.m */,
				4D374D3C1B035BA500452A97 /* UIButton+WebCache.h */,
				4D374D3D1B035BA500452A97 /* UIButton+WebCache.m */,
				4D374D3E1B035BA500452A97 /* UIImage+GIF.h */,
				4D374D3F1B035BA500452A97 /* UIImage+GIF.m */,
				4D374D401B035BA500452A97 /* UIImage+MultiFormat.h */,
				4D374D411B035BA500452A97 /* UIImage+MultiFormat.m */,
				4D374D421B035BA500452A97 /* UIImage+WebP.h */,
				4D374D431B035BA500452A97 /* UIImage+WebP.m */,
				4D374D441B035BA500452A97 /* UIImageView+HighlightedWebCache.h */,
				4D374D451B035BA500452A97 /* UIImageView+HighlightedWebCache.m */,
				4D374D461B035BA500452A97 /* UIImageView+WebCache.h */,
				4D374D471B035BA500452A97 /* UIImageView+WebCache.m */,
				4D374D481B035BA500452A97 /* UIView+WebCacheOperation.h */,
				4D374D491B035BA500452A97 /* UIView+WebCacheOperation.m */,
			);
			path = SDWebImage;
			sourceTree = "<group>";
		};
		4D4D02401AFDD28400471341 /* OAuth */ = {
			isa = PBXGroup;
			children = (
				4D4D02411AFDD28400471341 /* Controller */,
				4D4FD1671B0071CC00A4CC9B /* Model */,
			);
			path = OAuth;
			sourceTree = "<group>";
		};
		4D4D02411AFDD28400471341 /* Controller */ = {
			isa = PBXGroup;
			children = (
				4D4D02421AFDD29B00471341 /* OHOAuthViewController.h */,
				4D4D02431AFDD29B00471341 /* OHOAuthViewController.m */,
			);
			path = Controller;
			sourceTree = "<group>";
		};
		4D4D02451AFDE3C800471341 /* NewFeature */ = {
			isa = PBXGroup;
			children = (
				4D4D02461AFDE3C800471341 /* Controller */,
			);
			path = NewFeature;
			sourceTree = "<group>";
		};
		4D4D02461AFDE3C800471341 /* Controller */ = {
			isa = PBXGroup;
			children = (
				4D4D02471AFDE3D800471341 /* OHNewFeatureViewController.h */,
				4D4D02481AFDE3D800471341 /* OHNewFeatureViewController.m */,
			);
			path = Controller;
			sourceTree = "<group>";
		};
		4D4EBE7F1AFA503100082597 = {
			isa = PBXGroup;
			children = (
				4D4EBE8A1AFA503100082597 /* CsWeibo */,
				4D826DBF1AFB146800BBB4B2 /* Frameworks */,
				4D826D9E1AFB0F2900BBB4B2 /* libWeiboSDK */,
				4D4EBEA41AFA503100082597 /* CsWeiboTests */,
				4D4EBE891AFA503100082597 /* Products */,
			);
			sourceTree = "<group>";
		};
		4D4EBE891AFA503100082597 /* Products */ = {
			isa = PBXGroup;
			children = (
				4D4EBE881AFA503100082597 /* CsWeibo.app */,
				4D4EBEA11AFA503100082597 /* CsWeiboTests.xctest */,
			);
			name = Products;
			sourceTree = "<group>";
		};
		4D4EBE8A1AFA503100082597 /* CsWeibo */ = {
			isa = PBXGroup;
			children = (
				4D826DC01AFB466900BBB4B2 /* Classes */,
				4D4EBE981AFA503100082597 /* Images.xcassets */,
				4D4EBE9A1AFA503100082597 /* LaunchScreen.xib */,
				4D4EBE8B1AFA503100082597 /* Supporting Files */,
			);
			path = CsWeibo;
			sourceTree = "<group>";
		};
		4D4EBE8B1AFA503100082597 /* Supporting Files */ = {
			isa = PBXGroup;
			children = (
				4D4EBE8C1AFA503100082597 /* Info.plist */,
				4DAACE981AFB5BE00082068B /* PrefixHeader.pch */,
			);
			name = "Supporting Files";
			sourceTree = "<group>";
		};
		4D4EBEA41AFA503100082597 /* CsWeiboTests */ = {
			isa = PBXGroup;
			children = (
				4D4EBEA71AFA503100082597 /* CsWeiboTests.m */,
				4D4EBEA51AFA503100082597 /* Supporting Files */,
			);
			path = CsWeiboTests;
			sourceTree = "<group>";
		};
		4D4EBEA51AFA503100082597 /* Supporting Files */ = {
			isa = PBXGroup;
			children = (
				4D4EBEA61AFA503100082597 /* Info.plist */,
			);
			name = "Supporting Files";
			sourceTree = "<group>";
		};
		4D4FD1461B004CC800A4CC9B /* Lib */ = {
			isa = PBXGroup;
			children = (
				4D374D281B035BA500452A97 /* SDWebImage */,
				4D14C54F1B00D117007F0314 /* MJExtension */,
				4D4FD1771B009E2900A4CC9B /* AFNetworking */,
				4D4FD16E1B009DFB00A4CC9B /* MBProgressHUD */,
			);
			path = Lib;
			sourceTree = "<group>";
		};
		4D4FD1671B0071CC00A4CC9B /* Model */ = {
			isa = PBXGroup;
			children = (
				4D4FD1681B0072FC00A4CC9B /* OHAccount.h */,
				4D4FD1691B0072FC00A4CC9B /* OHAccount.m */,
			);
			path = Model;
			sourceTree = "<group>";
		};
		4D4FD16E1B009DFB00A4CC9B /* MBProgressHUD */ = {
			isa = PBXGroup;
			children = (
				4D4FD16F1B009DFB00A4CC9B /* MBProgressHUD+MJ.h */,
				4D4FD1701B009DFB00A4CC9B /* MBProgressHUD+MJ.m */,
				4D4FD1711B009DFB00A4CC9B /* MBProgressHUD.bundle */,
				4D4FD1721B009DFB00A4CC9B /* MBProgressHUD.h */,
				4D4FD1731B009DFB00A4CC9B /* MBProgressHUD.m */,
			);
			path = MBProgressHUD;
			sourceTree = "<group>";
		};
		4D4FD1771B009E2900A4CC9B /* AFNetworking */ = {
			isa = PBXGroup;
			children = (
				4D4FD1781B009E2900A4CC9B /* AFHTTPRequestOperation.h */,
				4D4FD1791B009E2900A4CC9B /* AFHTTPRequestOperation.m */,
				4D4FD17A1B009E2900A4CC9B /* AFHTTPRequestOperationManager.h */,
				4D4FD17B1B009E2900A4CC9B /* AFHTTPRequestOperationManager.m */,
				4D4FD17C1B009E2900A4CC9B /* AFHTTPSessionManager.h */,
				4D4FD17D1B009E2900A4CC9B /* AFHTTPSessionManager.m */,
				4D4FD17E1B009E2900A4CC9B /* AFNetworking.h */,
				4D4FD17F1B009E2900A4CC9B /* AFNetworkReachabilityManager.h */,
				4D4FD1801B009E2900A4CC9B /* AFNetworkReachabilityManager.m */,
				4D4FD1811B009E2900A4CC9B /* AFSecurityPolicy.h */,
				4D4FD1821B009E2900A4CC9B /* AFSecurityPolicy.m */,
				4D4FD1831B009E2900A4CC9B /* AFURLConnectionOperation.h */,
				4D4FD1841B009E2900A4CC9B /* AFURLConnectionOperation.m */,
				4D4FD1851B009E2900A4CC9B /* AFURLRequestSerialization.h */,
				4D4FD1861B009E2900A4CC9B /* AFURLRequestSerialization.m */,
				4D4FD1871B009E2900A4CC9B /* AFURLResponseSerialization.h */,
				4D4FD1881B009E2900A4CC9B /* AFURLResponseSerialization.m */,
				4D4FD1891B009E2900A4CC9B /* AFURLSessionManager.h */,
				4D4FD18A1B009E2900A4CC9B /* AFURLSessionManager.m */,
			);
			path = AFNetworking;
			sourceTree = "<group>";
		};
		4D826D9E1AFB0F2900BBB4B2 /* libWeiboSDK */ = {
			isa = PBXGroup;
			children = (
				4D826D9F1AFB0F2900BBB4B2 /* libWeiboSDK.a */,
				4D826DA01AFB0F2900BBB4B2 /* WBHttpRequest+WeiboShare.h */,
				4D826DA11AFB0F2900BBB4B2 /* WBHttpRequest+WeiboToken.h */,
				4D826DA21AFB0F2900BBB4B2 /* WBHttpRequest+WeiboUser.h */,
				4D826DA31AFB0F2900BBB4B2 /* WBHttpRequest.h */,
				4D826DA41AFB0F2900BBB4B2 /* WBSDKBasicButton.h */,
				4D826DA51AFB0F2900BBB4B2 /* WBSDKCommentButton.h */,
				4D826DA61AFB0F2900BBB4B2 /* WBSDKRelationshipButton.h */,
				4D826DA71AFB0F2900BBB4B2 /* WeiboSDK.bundle */,
				4D826DA81AFB0F2900BBB4B2 /* WeiboSDK.h */,
				4D826DA91AFB0F2900BBB4B2 /* WeiboUser.h */,
			);
			path = libWeiboSDK;
			sourceTree = "<group>";
		};
		4D826DBF1AFB146800BBB4B2 /* Frameworks */ = {
			isa = PBXGroup;
			children = (
				4D826DBA1AFB100D00BBB4B2 /* CoreGraphics.framework */,
				4D826DB81AFB0FF100BBB4B2 /* UIKit.framework */,
				4D826DB61AFB0FD900BBB4B2 /* CoreText.framework */,
				4D826DB41AFB0FC900BBB4B2 /* CoreTelephony.framework */,
				4D826DB21AFB0FBE00BBB4B2 /* Security.framework */,
				4D826DB01AFB0FB400BBB4B2 /* SystemConfiguration.framework */,
				4D826DAE1AFB0FA800BBB4B2 /* ImageIO.framework */,
				4D826DAC1AFB0F9F00BBB4B2 /* QuartzCore.framework */,
			);
			name = Frameworks;
			sourceTree = "<group>";
		};
		4D826DC01AFB466900BBB4B2 /* Classes */ = {
			isa = PBXGroup;
			children = (
				4D4D02451AFDE3C800471341 /* NewFeature */,
				4D4D02401AFDD28400471341 /* OAuth */,
				4D826DC11AFB466900BBB4B2 /* Discover */,
				4D826DC51AFB466900BBB4B2 /* Home */,
				4D826DC91AFB466900BBB4B2 /* Main */,
				4D826DD11AFB466900BBB4B2 /* MessageCenter */,
				4D826DD51AFB466900BBB4B2 /* Profile */,
			);
			path = Classes;
			sourceTree = "<group>";
		};
		4D826DC11AFB466900BBB4B2 /* Discover */ = {
			isa = PBXGroup;
			children = (
				4D826DC21AFB466900BBB4B2 /* Controller */,
				4D826DC31AFB466900BBB4B2 /* Model */,
				4D826DC41AFB466900BBB4B2 /* View */,
			);
			path = Discover;
			sourceTree = "<group>";
		};
		4D826DC21AFB466900BBB4B2 /* Controller */ = {
			isa = PBXGroup;
			children = (
				4DAACE851AFB55C20082068B /* OHDiscoverViewController.h */,
				4DAACE861AFB55C20082068B /* OHDiscoverViewController.m */,
			);
			path = Controller;
			sourceTree = "<group>";
		};
		4D826DC31AFB466900BBB4B2 /* Model */ = {
			isa = PBXGroup;
			children = (
			);
			path = Model;
			sourceTree = "<group>";
		};
		4D826DC41AFB466900BBB4B2 /* View */ = {
			isa = PBXGroup;
			children = (
			);
			path = View;
			sourceTree = "<group>";
		};
		4D826DC51AFB466900BBB4B2 /* Home */ = {
			isa = PBXGroup;
			children = (
				4D826DC61AFB466900BBB4B2 /* Controller */,
				4D826DC71AFB466900BBB4B2 /* Model */,
				4D826DC81AFB466900BBB4B2 /* View */,
			);
			path = Home;
			sourceTree = "<group>";
		};
		4D826DC61AFB466900BBB4B2 /* Controller */ = {
			isa = PBXGroup;
			children = (
				4DAACE881AFB55D30082068B /* OHHomeViewController.h */,
				4DAACE891AFB55D30082068B /* OHHomeViewController.m */,
			);
			path = Controller;
			sourceTree = "<group>";
		};
		4D826DC71AFB466900BBB4B2 /* Model */ = {
			isa = PBXGroup;
			children = (
				4D14C5491B00CEE4007F0314 /* OHStatus.h */,
				4D14C54A1B00CEE4007F0314 /* OHStatus.m */,
				4D14C54C1B00CEED007F0314 /* OHUser.h */,
				4D14C54D1B00CEED007F0314 /* OHUser.m */,
				4DB9E77A1B021B2200ABB1A5 /* OHStatusFrame.h */,
				4DB9E77B1B021B2200ABB1A5 /* OHStatusFrame.m */,
				4D5AE9AB1B02EFC900DBAF1C /* OHStatusPhoto.h */,
				4D5AE9AC1B02EFC900DBAF1C /* OHStatusPhoto.m */,
			);
			path = Model;
			sourceTree = "<group>";
		};
		4D826DC81AFB466900BBB4B2 /* View */ = {
			isa = PBXGroup;
			children = (
				4D14C5461B00C990007F0314 /* OHTitleButton.h */,
				4D14C5471B00C990007F0314 /* OHTitleButton.m */,
				4DB9E7751B01C26F00ABB1A5 /* OHLoadMoreFooter.h */,
				4DB9E7761B01C26F00ABB1A5 /* OHLoadMoreFooter.m */,
				4DB9E7781B01C29500ABB1A5 /* OHLoadMoreFooter.xib */,
				4DB9E77D1B0226EE00ABB1A5 /* OHStatusCell.h */,
				4DB9E77E1B0226EE00ABB1A5 /* OHStatusCell.m */,
				4D374D251B0352F500452A97 /* OHStatusToolbar.h */,
				4D374D261B0352F500452A97 /* OHStatusToolbar.m */,
			);
			path = View;
			sourceTree = "<group>";
		};
		4D826DC91AFB466900BBB4B2 /* Main */ = {
			isa = PBXGroup;
			children = (
				4D4FD1461B004CC800A4CC9B /* Lib */,
				4DAACE911AFB570A0082068B /* Category */,
				4DAACE831AFB4EF70082068B /* Tools */,
				4D826DCA1AFB466900BBB4B2 /* Controller */,
				4D826DCB1AFB466900BBB4B2 /* Model */,
				4D826DCC1AFB466900BBB4B2 /* other */,
				4D826DD01AFB466900BBB4B2 /* View */,
			);
			path = Main;
			sourceTree = "<group>";
		};
		4D826DCA1AFB466900BBB4B2 /* Controller */ = {
			isa = PBXGroup;
			children = (
				4D826DDB1AFB47C200BBB4B2 /* OHMainNaviViewController.h */,
				4D826DDC1AFB47C200BBB4B2 /* OHMainNaviViewController.m */,
				4D826DDE1AFB480B00BBB4B2 /* OHMainTabBarViewController.h */,
				4D826DDF1AFB480B00BBB4B2 /* OHMainTabBarViewController.m */,
			);
			path = Controller;
			sourceTree = "<group>";
		};
		4D826DCB1AFB466900BBB4B2 /* Model */ = {
			isa = PBXGroup;
			children = (
			);
			path = Model;
			sourceTree = "<group>";
		};
		4D826DCC1AFB466900BBB4B2 /* other */ = {
			isa = PBXGroup;
			children = (
				4D826DCD1AFB466900BBB4B2 /* AppDelegate.h */,
				4D826DCE1AFB466900BBB4B2 /* AppDelegate.m */,
				4D826DCF1AFB466900BBB4B2 /* main.m */,
			);
			path = other;
			sourceTree = "<group>";
		};
		4D826DD01AFB466900BBB4B2 /* View */ = {
			isa = PBXGroup;
			children = (
				4D6F25381AFC673D001FFC3F /* OHSearchBar.h */,
				4D6F25391AFC673D001FFC3F /* OHSearchBar.m */,
				4D6F253B1AFC943A001FFC3F /* OHDropDownWindow.h */,
				4D6F253C1AFC943A001FFC3F /* OHDropDownWindow.m */,
				4DA3DB471AFCB31000E02FCC /* OHTabBar.h */,
				4DA3DB481AFCB31000E02FCC /* OHTabBar.m */,
			);
			path = View;
			sourceTree = "<group>";
		};
		4D826DD11AFB466900BBB4B2 /* MessageCenter */ = {
			isa = PBXGroup;
			children = (
				4D826DD21AFB466900BBB4B2 /* Controller */,
				4D826DD31AFB466900BBB4B2 /* Model */,
				4D826DD41AFB466900BBB4B2 /* View */,
			);
			path = MessageCenter;
			sourceTree = "<group>";
		};
		4D826DD21AFB466900BBB4B2 /* Controller */ = {
			isa = PBXGroup;
			children = (
				4DAACE8B1AFB55EB0082068B /* OHMessageCenterViewController.h */,
				4DAACE8C1AFB55EB0082068B /* OHMessageCenterViewController.m */,
			);
			path = Controller;
			sourceTree = "<group>";
		};
		4D826DD31AFB466900BBB4B2 /* Model */ = {
			isa = PBXGroup;
			children = (
			);
			path = Model;
			sourceTree = "<group>";
		};
		4D826DD41AFB466900BBB4B2 /* View */ = {
			isa = PBXGroup;
			children = (
			);
			path = View;
			sourceTree = "<group>";
		};
		4D826DD51AFB466900BBB4B2 /* Profile */ = {
			isa = PBXGroup;
			children = (
				4D826DD61AFB466900BBB4B2 /* Controller */,
				4D826DD71AFB466900BBB4B2 /* Model */,
				4D826DD81AFB466900BBB4B2 /* View */,
			);
			path = Profile;
			sourceTree = "<group>";
		};
		4D826DD61AFB466900BBB4B2 /* Controller */ = {
			isa = PBXGroup;
			children = (
				4DAACE8E1AFB55FE0082068B /* OHProfileViewController.h */,
				4DAACE8F1AFB55FE0082068B /* OHProfileViewController.m */,
			);
			path = Controller;
			sourceTree = "<group>";
		};
		4D826DD71AFB466900BBB4B2 /* Model */ = {
			isa = PBXGroup;
			children = (
			);
			path = Model;
			sourceTree = "<group>";
		};
		4D826DD81AFB466900BBB4B2 /* View */ = {
			isa = PBXGroup;
			children = (
			);
			path = View;
			sourceTree = "<group>";
		};
		4DAACE831AFB4EF70082068B /* Tools */ = {
			isa = PBXGroup;
			children = (
				4DAACE841AFB4F130082068B /* OHToolsColor.h */,
				4D4FD16B1B00891500A4CC9B /* OHAccountTools.h */,
				4D4FD16C1B00891500A4CC9B /* OHAccountTools.m */,
			);
			path = Tools;
			sourceTree = "<group>";
		};
		4DAACE911AFB570A0082068B /* Category */ = {
			isa = PBXGroup;
			children = (
				4DAACE951AFB58CD0082068B /* UIView+Extension.h */,
				4DAACE961AFB58CD0082068B /* UIView+Extension.m */,
				4DAACE921AFB57470082068B /* UIBarButtonItem+OHExtension.h */,
				4DAACE931AFB57470082068B /* UIBarButtonItem+OHExtension.m */,
				4D4FD1641B00706A00A4CC9B /* UIWindow+OHExtension.h */,
				4D4FD1651B00706A00A4CC9B /* UIWindow+OHExtension.m */,
				4D374D5A1B035BB800452A97 /* NSDate+Extension.h */,
				4D374D5B1B035BB800452A97 /* NSDate+Extension.m */,
			);
			path = Category;
			sourceTree = "<group>";
		};
/* End PBXGroup section */

/* Begin PBXNativeTarget section */
		4D4EBE871AFA503100082597 /* CsWeibo */ = {
			isa = PBXNativeTarget;
			buildConfigurationList = 4D4EBEAB1AFA503100082597 /* Build configuration list for PBXNativeTarget "CsWeibo" */;
			buildPhases = (
				4D4EBE841AFA503100082597 /* Sources */,
				4D4EBE851AFA503100082597 /* Frameworks */,
				4D4EBE861AFA503100082597 /* Resources */,
			);
			buildRules = (
			);
			dependencies = (
			);
			name = CsWeibo;
			productName = CsWeibo;
			productReference = 4D4EBE881AFA503100082597 /* CsWeibo.app */;
			productType = "com.apple.product-type.application";
		};
		4D4EBEA01AFA503100082597 /* CsWeiboTests */ = {
			isa = PBXNativeTarget;
			buildConfigurationList = 4D4EBEAE1AFA503100082597 /* Build configuration list for PBXNativeTarget "CsWeiboTests" */;
			buildPhases = (
				4D4EBE9D1AFA503100082597 /* Sources */,
				4D4EBE9E1AFA503100082597 /* Frameworks */,
				4D4EBE9F1AFA503100082597 /* Resources */,
			);
			buildRules = (
			);
			dependencies = (
				4D4EBEA31AFA503100082597 /* PBXTargetDependency */,
			);
			name = CsWeiboTests;
			productName = CsWeiboTests;
			productReference = 4D4EBEA11AFA503100082597 /* CsWeiboTests.xctest */;
			productType = "com.apple.product-type.bundle.unit-test";
		};
/* End PBXNativeTarget section */

/* Begin PBXProject section */
		4D4EBE801AFA503100082597 /* Project object */ = {
			isa = PBXProject;
			attributes = {
				CLASSPREFIX = OH;
				LastUpgradeCheck = 0630;
				ORGANIZATIONNAME = niuwan;
				TargetAttributes = {
					4D4EBE871AFA503100082597 = {
						CreatedOnToolsVersion = 6.3.1;
					};
					4D4EBEA01AFA503100082597 = {
						CreatedOnToolsVersion = 6.3.1;
						TestTargetID = 4D4EBE871AFA503100082597;
					};
				};
			};
			buildConfigurationList = 4D4EBE831AFA503100082597 /* Build configuration list for PBXProject "CsWeibo" */;
			compatibilityVersion = "Xcode 3.2";
			developmentRegion = English;
			hasScannedForEncodings = 0;
			knownRegions = (
				en,
				Base,
			);
			mainGroup = 4D4EBE7F1AFA503100082597;
			productRefGroup = 4D4EBE891AFA503100082597 /* Products */;
			projectDirPath = "";
			projectRoot = "";
			targets = (
				4D4EBE871AFA503100082597 /* CsWeibo */,
				4D4EBEA01AFA503100082597 /* CsWeiboTests */,
			);
		};
/* End PBXProject section */

/* Begin PBXResourcesBuildPhase section */
		4D4EBE861AFA503100082597 /* Resources */ = {
			isa = PBXResourcesBuildPhase;
			buildActionMask = 2147483647;
			files = (
				4D4EBE9C1AFA503100082597 /* LaunchScreen.xib in Resources */,
				4D4FD1751B009DFB00A4CC9B /* MBProgressHUD.bundle in Resources */,
				4D4EBE991AFA503100082597 /* Images.xcassets in Resources */,
				4D826DAB1AFB0F2900BBB4B2 /* WeiboSDK.bundle in Resources */,
				4DB9E7791B01C29500ABB1A5 /* OHLoadMoreFooter.xib in Resources */,
			);
			runOnlyForDeploymentPostprocessing = 0;
		};
		4D4EBE9F1AFA503100082597 /* Resources */ = {
			isa = PBXResourcesBuildPhase;
			buildActionMask = 2147483647;
			files = (
			);
			runOnlyForDeploymentPostprocessing = 0;
		};
/* End PBXResourcesBuildPhase section */

/* Begin PBXSourcesBuildPhase section */
		4D4EBE841AFA503100082597 /* Sources */ = {
			isa = PBXSourcesBuildPhase;
			buildActionMask = 2147483647;
			files = (
				4D5AE9AD1B02EFC900DBAF1C /* OHStatusPhoto.m in Sources */,
				4D4FD1911B009E2900A4CC9B /* AFURLRequestSerialization.m in Sources */,
				4D374D581B035BA500452A97 /* UIImageView+WebCache.m in Sources */,
				4D374D501B035BA500452A97 /* SDWebImageDownloaderOperation.m in Sources */,
				4D4FD1901B009E2900A4CC9B /* AFURLConnectionOperation.m in Sources */,
				4DAACE971AFB58CD0082068B /* UIView+Extension.m in Sources */,
				4D374D561B035BA500452A97 /* UIImage+WebP.m in Sources */,
				4D14C54B1B00CEE4007F0314 /* OHStatus.m in Sources */,
				4D374D4D1B035BA500452A97 /* SDWebImageCompat.m in Sources */,
				4D14C5671B00D117007F0314 /* NSObject+MJProperty.m in Sources */,
				4D374D5C1B035BB800452A97 /* NSDate+Extension.m in Sources */,
				4DAACE8A1AFB55D30082068B /* OHHomeViewController.m in Sources */,
				4D374D521B035BA500452A97 /* SDWebImagePrefetcher.m in Sources */,
				4D374D4C1B035BA500452A97 /* SDImageCache.m in Sources */,
				4D4D02491AFDE3D800471341 /* OHNewFeatureViewController.m in Sources */,
				4D4FD1931B009E2900A4CC9B /* AFURLSessionManager.m in Sources */,
				4D14C5681B00D117007F0314 /* NSString+MJExtension.m in Sources */,
				4D374D4E1B035BA500452A97 /* SDWebImageDecoder.m in Sources */,
				4D14C5611B00D117007F0314 /* MJConst.m in Sources */,
				4D374D571B035BA500452A97 /* UIImageView+HighlightedWebCache.m in Sources */,
				4D4FD1741B009DFB00A4CC9B /* MBProgressHUD+MJ.m in Sources */,
				4DB9E77C1B021B2200ABB1A5 /* OHStatusFrame.m in Sources */,
				4DAACE941AFB57470082068B /* UIBarButtonItem+OHExtension.m in Sources */,
				4D4FD1761B009DFB00A4CC9B /* MBProgressHUD.m in Sources */,
				4D4FD18F1B009E2900A4CC9B /* AFSecurityPolicy.m in Sources */,
				4D4FD18B1B009E2900A4CC9B /* AFHTTPRequestOperation.m in Sources */,
				4D374D551B035BA500452A97 /* UIImage+MultiFormat.m in Sources */,
				4D374D4A1B035BA500452A97 /* MKAnnotationView+WebCache.m in Sources */,
				4D4FD1661B00706A00A4CC9B /* UIWindow+OHExtension.m in Sources */,
				4D6F253A1AFC673D001FFC3F /* OHSearchBar.m in Sources */,
				4DAACE871AFB55C20082068B /* OHDiscoverViewController.m in Sources */,
				4D374D541B035BA500452A97 /* UIImage+GIF.m in Sources */,
				4D4D02441AFDD29B00471341 /* OHOAuthViewController.m in Sources */,
				4D826DDD1AFB47C200BBB4B2 /* OHMainNaviViewController.m in Sources */,
				4D374D591B035BA500452A97 /* UIView+WebCacheOperation.m in Sources */,
				4DAACE901AFB55FE0082068B /* OHProfileViewController.m in Sources */,
				4D374D511B035BA500452A97 /* SDWebImageManager.m in Sources */,
				4D4FD18D1B009E2900A4CC9B /* AFHTTPSessionManager.m in Sources */,
				4D14C5661B00D117007F0314 /* NSObject+MJKeyValue.m in Sources */,
				4D826DDA1AFB466900BBB4B2 /* main.m in Sources */,
				4D14C5651B00D117007F0314 /* NSObject+MJCoding.m in Sources */,
				4D826DE01AFB480B00BBB4B2 /* OHMainTabBarViewController.m in Sources */,
				4DA3DB491AFCB31000E02FCC /* OHTabBar.m in Sources */,
				4DB9E7771B01C26F00ABB1A5 /* OHLoadMoreFooter.m in Sources */,
				4D14C5631B00D117007F0314 /* MJProperty.m in Sources */,
				4D4FD18C1B009E2900A4CC9B /* AFHTTPRequestOperationManager.m in Sources */,
				4D6F253D1AFC943A001FFC3F /* OHDropDownWindow.m in Sources */,
				4DB9E77F1B0226EE00ABB1A5 /* OHStatusCell.m in Sources */,
				4D14C5481B00C990007F0314 /* OHTitleButton.m in Sources */,
				4D14C54E1B00CEED007F0314 /* OHUser.m in Sources */,
				4D14C5641B00D117007F0314 /* MJType.m in Sources */,
				4D374D4B1B035BA500452A97 /* NSData+ImageContentType.m in Sources */,
				4D4FD16A1B0072FC00A4CC9B /* OHAccount.m in Sources */,
				4DAACE8D1AFB55EB0082068B /* OHMessageCenterViewController.m in Sources */,
				4D374D531B035BA500452A97 /* UIButton+WebCache.m in Sources */,
				4D4FD16D1B00891500A4CC9B /* OHAccountTools.m in Sources */,
				4D4FD18E1B009E2900A4CC9B /* AFNetworkReachabilityManager.m in Sources */,
				4D374D4F1B035BA500452A97 /* SDWebImageDownloader.m in Sources */,
				4D4FD1921B009E2900A4CC9B /* AFURLResponseSerialization.m in Sources */,
				4D826DD91AFB466900BBB4B2 /* AppDelegate.m in Sources */,
				4D374D271B0352F500452A97 /* OHStatusToolbar.m in Sources */,
				4D14C5621B00D117007F0314 /* MJFoundation.m in Sources */,
			);
			runOnlyForDeploymentPostprocessing = 0;
		};
		4D4EBE9D1AFA503100082597 /* Sources */ = {
			isa = PBXSourcesBuildPhase;
			buildActionMask = 2147483647;
			files = (
				4D4EBEA81AFA503100082597 /* CsWeiboTests.m in Sources */,
			);
			runOnlyForDeploymentPostprocessing = 0;
		};
/* End PBXSourcesBuildPhase section */

/* Begin PBXTargetDependency section */
		4D4EBEA31AFA503100082597 /* PBXTargetDependency */ = {
			isa = PBXTargetDependency;
			target = 4D4EBE871AFA503100082597 /* CsWeibo */;
			targetProxy = 4D4EBEA21AFA503100082597 /* PBXContainerItemProxy */;
		};
/* End PBXTargetDependency section */

/* Begin PBXVariantGroup section */
		4D4EBE9A1AFA503100082597 /* LaunchScreen.xib */ = {
			isa = PBXVariantGroup;
			children = (
				4D4EBE9B1AFA503100082597 /* Base */,
			);
			name = LaunchScreen.xib;
			sourceTree = "<group>";
		};
/* End PBXVariantGroup section */

/* Begin XCBuildConfiguration section */
		4D4EBEA91AFA503100082597 /* Debug */ = {
			isa = XCBuildConfiguration;
			buildSettings = {
				ALWAYS_SEARCH_USER_PATHS = NO;
				CLANG_CXX_LANGUAGE_STANDARD = "gnu++0x";
				CLANG_CXX_LIBRARY = "libc++";
				CLANG_ENABLE_MODULES = YES;
				CLANG_ENABLE_OBJC_ARC = YES;
				CLANG_WARN_BOOL_CONVERSION = YES;
				CLANG_WARN_CONSTANT_CONVERSION = YES;
				CLANG_WARN_DIRECT_OBJC_ISA_USAGE = YES_ERROR;
				CLANG_WARN_EMPTY_BODY = YES;
				CLANG_WARN_ENUM_CONVERSION = YES;
				CLANG_WARN_INT_CONVERSION = YES;
				CLANG_WARN_OBJC_ROOT_CLASS = YES_ERROR;
				CLANG_WARN_UNREACHABLE_CODE = YES;
				CLANG_WARN__DUPLICATE_METHOD_MATCH = YES;
				"CODE_SIGN_IDENTITY[sdk=iphoneos*]" = "iPhone Developer";
				COPY_PHASE_STRIP = NO;
				DEBUG_INFORMATION_FORMAT = "dwarf-with-dsym";
				ENABLE_STRICT_OBJC_MSGSEND = YES;
				GCC_C_LANGUAGE_STANDARD = gnu99;
				GCC_DYNAMIC_NO_PIC = NO;
				GCC_NO_COMMON_BLOCKS = YES;
				GCC_OPTIMIZATION_LEVEL = 0;
				GCC_PREPROCESSOR_DEFINITIONS = (
					"DEBUG=1",
					"$(inherited)",
				);
				GCC_SYMBOLS_PRIVATE_EXTERN = NO;
				GCC_WARN_64_TO_32_BIT_CONVERSION = YES;
				GCC_WARN_ABOUT_RETURN_TYPE = YES_ERROR;
				GCC_WARN_UNDECLARED_SELECTOR = YES;
				GCC_WARN_UNINITIALIZED_AUTOS = YES_AGGRESSIVE;
				GCC_WARN_UNUSED_FUNCTION = YES;
				GCC_WARN_UNUSED_VARIABLE = YES;
				IPHONEOS_DEPLOYMENT_TARGET = 8.3;
				MTL_ENABLE_DEBUG_INFO = YES;
				ONLY_ACTIVE_ARCH = YES;
				SDKROOT = iphoneos;
			};
			name = Debug;
		};
		4D4EBEAA1AFA503100082597 /* Release */ = {
			isa = XCBuildConfiguration;
			buildSettings = {
				ALWAYS_SEARCH_USER_PATHS = NO;
				CLANG_CXX_LANGUAGE_STANDARD = "gnu++0x";
				CLANG_CXX_LIBRARY = "libc++";
				CLANG_ENABLE_MODULES = YES;
				CLANG_ENABLE_OBJC_ARC = YES;
				CLANG_WARN_BOOL_CONVERSION = YES;
				CLANG_WARN_CONSTANT_CONVERSION = YES;
				CLANG_WARN_DIRECT_OBJC_ISA_USAGE = YES_ERROR;
				CLANG_WARN_EMPTY_BODY = YES;
				CLANG_WARN_ENUM_CONVERSION = YES;
				CLANG_WARN_INT_CONVERSION = YES;
				CLANG_WARN_OBJC_ROOT_CLASS = YES_ERROR;
				CLANG_WARN_UNREACHABLE_CODE = YES;
				CLANG_WARN__DUPLICATE_METHOD_MATCH = YES;
				"CODE_SIGN_IDENTITY[sdk=iphoneos*]" = "iPhone Developer";
				COPY_PHASE_STRIP = NO;
				DEBUG_INFORMATION_FORMAT = "dwarf-with-dsym";
				ENABLE_NS_ASSERTIONS = NO;
				ENABLE_STRICT_OBJC_MSGSEND = YES;
				GCC_C_LANGUAGE_STANDARD = gnu99;
				GCC_NO_COMMON_BLOCKS = YES;
				GCC_WARN_64_TO_32_BIT_CONVERSION = YES;
				GCC_WARN_ABOUT_RETURN_TYPE = YES_ERROR;
				GCC_WARN_UNDECLARED_SELECTOR = YES;
				GCC_WARN_UNINITIALIZED_AUTOS = YES_AGGRESSIVE;
				GCC_WARN_UNUSED_FUNCTION = YES;
				GCC_WARN_UNUSED_VARIABLE = YES;
				IPHONEOS_DEPLOYMENT_TARGET = 8.3;
				MTL_ENABLE_DEBUG_INFO = NO;
				SDKROOT = iphoneos;
				VALIDATE_PRODUCT = YES;
			};
			name = Release;
		};
		4D4EBEAC1AFA503100082597 /* Debug */ = {
			isa = XCBuildConfiguration;
			buildSettings = {
				ASSETCATALOG_COMPILER_APPICON_NAME = AppIcon;
				ASSETCATALOG_COMPILER_LAUNCHIMAGE_NAME = LaunchImage;
				GCC_PRECOMPILE_PREFIX_HEADER = YES;
				GCC_PREFIX_HEADER = "$(SRCROOT)/CsWeibo/PrefixHeader.pch";
				INFOPLIST_FILE = CsWeibo/Info.plist;
				IPHONEOS_DEPLOYMENT_TARGET = 8.3;
				LD_RUNPATH_SEARCH_PATHS = "$(inherited) @executable_path/Frameworks";
				LIBRARY_SEARCH_PATHS = (
					"$(inherited)",
					"$(PROJECT_DIR)/libWeiboSDK",
				);
				OTHER_LDFLAGS = "-ObjC";
				PRODUCT_NAME = "$(TARGET_NAME)";
			};
			name = Debug;
		};
		4D4EBEAD1AFA503100082597 /* Release */ = {
			isa = XCBuildConfiguration;
			buildSettings = {
				ASSETCATALOG_COMPILER_APPICON_NAME = AppIcon;
				ASSETCATALOG_COMPILER_LAUNCHIMAGE_NAME = LaunchImage;
				GCC_PRECOMPILE_PREFIX_HEADER = YES;
				GCC_PREFIX_HEADER = "$(SRCROOT)/CsWeibo/PrefixHeader.pch";
				INFOPLIST_FILE = CsWeibo/Info.plist;
				IPHONEOS_DEPLOYMENT_TARGET = 8.3;
				LD_RUNPATH_SEARCH_PATHS = "$(inherited) @executable_path/Frameworks";
				LIBRARY_SEARCH_PATHS = (
					"$(inherited)",
					"$(PROJECT_DIR)/libWeiboSDK",
				);
				OTHER_LDFLAGS = "-ObjC";
				PRODUCT_NAME = "$(TARGET_NAME)";
			};
			name = Release;
		};
		4D4EBEAF1AFA503100082597 /* Debug */ = {
			isa = XCBuildConfiguration;
			buildSettings = {
				BUNDLE_LOADER = "$(TEST_HOST)";
				FRAMEWORK_SEARCH_PATHS = (
					"$(SDKROOT)/Developer/Library/Frameworks",
					"$(inherited)",
				);
				GCC_PREPROCESSOR_DEFINITIONS = (
					"DEBUG=1",
					"$(inherited)",
				);
				INFOPLIST_FILE = CsWeiboTests/Info.plist;
				LD_RUNPATH_SEARCH_PATHS = "$(inherited) @executable_path/Frameworks @loader_path/Frameworks";
				PRODUCT_NAME = "$(TARGET_NAME)";
				TEST_HOST = "$(BUILT_PRODUCTS_DIR)/CsWeibo.app/CsWeibo";
			};
			name = Debug;
		};
		4D4EBEB01AFA503100082597 /* Release */ = {
			isa = XCBuildConfiguration;
			buildSettings = {
				BUNDLE_LOADER = "$(TEST_HOST)";
				FRAMEWORK_SEARCH_PATHS = (
					"$(SDKROOT)/Developer/Library/Frameworks",
					"$(inherited)",
				);
				INFOPLIST_FILE = CsWeiboTests/Info.plist;
				LD_RUNPATH_SEARCH_PATHS = "$(inherited) @executable_path/Frameworks @loader_path/Frameworks";
				PRODUCT_NAME = "$(TARGET_NAME)";
				TEST_HOST = "$(BUILT_PRODUCTS_DIR)/CsWeibo.app/CsWeibo";
			};
			name = Release;
		};
/* End XCBuildConfiguration section */

/* Begin XCConfigurationList section */
		4D4EBE831AFA503100082597 /* Build configuration list for PBXProject "CsWeibo" */ = {
			isa = XCConfigurationList;
			buildConfigurations = (
				4D4EBEA91AFA503100082597 /* Debug */,
				4D4EBEAA1AFA503100082597 /* Release */,
			);
			defaultConfigurationIsVisible = 0;
			defaultConfigurationName = Release;
		};
		4D4EBEAB1AFA503100082597 /* Build configuration list for PBXNativeTarget "CsWeibo" */ = {
			isa = XCConfigurationList;
			buildConfigurations = (
				4D4EBEAC1AFA503100082597 /* Debug */,
				4D4EBEAD1AFA503100082597 /* Release */,
			);
			defaultConfigurationIsVisible = 0;
			defaultConfigurationName = Release;
		};
		4D4EBEAE1AFA503100082597 /* Build configuration list for PBXNativeTarget "CsWeiboTests" */ = {
			isa = XCConfigurationList;
			buildConfigurations = (
				4D4EBEAF1AFA503100082597 /* Debug */,
				4D4EBEB01AFA503100082597 /* Release */,
			);
			defaultConfigurationIsVisible = 0;
			defaultConfigurationName = Release;
		};
/* End XCConfigurationList section */
	};
	rootObject = 4D4EBE801AFA503100082597 /* Project object */;
}
